
Microsoft Visual Studio Solution File, Format Version 12.00
# Visual Studio Version 17
VisualStudioVersion = 17.8.34330.188
MinimumVisualStudioVersion = 10.0.40219.1
Project("{FAE04EC0-301F-11D3-BF4B-00C04F79EFBC}") = "MyFirstBot", "MyFirstBot.csproj", "{80312E7E-B975-4E39-B8B5-C8D4686A4F71}"
EndProject
Global
	GlobalSection(SolutionConfigurationPlatforms) = preSolution
		Debug|Any CPU = Debug|Any CPU
		Release|Any CPU = Release|Any CPU
	EndGlobalSection
	GlobalSection(ProjectConfigurationPlatforms) = postSolution
		{80312E7E-B975-4E39-B8B5-C8D4686A4F71}.Debug|Any CPU.ActiveCfg = Debug|Any CPU
		{80312E7E-B975-4E39-B8B5-C8D4686A4F71}.Debug|Any CPU.Build.0 = Debug|Any CPU
		{80312E7E-B975-4E39-B8B5-C8D4686A4F71}.Release|Any CPU.ActiveCfg = Release|Any CPU
		{80312E7E-B975-4E39-B8B5-C8D4686A4F71}.Release|Any CPU.Build.0 = Release|Any CPU
	EndGlobalSection
	GlobalSection(SolutionProperties) = preSolution
		HideSolutionNode = FALSE
	EndGlobalSection
	GlobalSection(ExtensibilityGlobals) = postSolution
		SolutionGuid = {060BDB9E-2270-4006-A144-F28D65BFCAE5}
	EndGlobalSection
EndGlobal
